
Microsoft Visual Studio Solution File, Format Version 12.00
Project("{2150E333-8FDC-42A3-9474-1A3956D46DE8}") = "Server", "Server", "{8F8EBF27-57C5-46B4-8DE0-88357E501EFA}"
EndProject
Project("{FAE04EC0-301F-11D3-BF4B-00C04F79EFBC}") = "Entities", "Entities\Entities.csproj", "{44268130-42D4-4E7C-8211-85AFD08F0624}"
EndProject
Global
	GlobalSection(SolutionConfigurationPlatforms) = preSolution
		Debug|Any CPU = Debug|Any CPU
		Release|Any CPU = Release|Any CPU
	EndGlobalSection
	GlobalSection(NestedProjects) = preSolution
		{44268130-42D4-4E7C-8211-85AFD08F0624} = {8F8EBF27-57C5-46B4-8DE0-88357E501EFA}
	EndGlobalSection
	GlobalSection(ProjectConfigurationPlatforms) = postSolution
		{44268130-42D4-4E7C-8211-85AFD08F0624}.Debug|Any CPU.ActiveCfg = Debug|Any CPU
		{44268130-42D4-4E7C-8211-85AFD08F0624}.Debug|Any CPU.Build.0 = Debug|Any CPU
		{44268130-42D4-4E7C-8211-85AFD08F0624}.Release|Any CPU.ActiveCfg = Release|Any CPU
		{44268130-42D4-4E7C-8211-85AFD08F0624}.Release|Any CPU.Build.0 = Release|Any CPU
	EndGlobalSection
EndGlobal
